// !$*UTF8*$!
{
	archiveVersion = 1;
	classes = {
	};
	objectVersion = 55;
	objects = {

/* Begin PBXBuildFile section */
		2D329A72F874C9E2EA794C52 /* Pods_BelTravelApp.framework in Frameworks */ = {isa = PBXBuildFile; fileRef = 3B45B03D0CA517FD2A262868 /* Pods_BelTravelApp.framework */; };
		BF5B6268282BFB7F00D5844D /* PlaceCollectionViewCell.swift in Sources */ = {isa = PBXBuildFile; fileRef = BF5B6266282BFB7F00D5844D /* PlaceCollectionViewCell.swift */; };
		BF5B6269282BFB7F00D5844D /* PlaceCollectionViewCell.xib in Resources */ = {isa = PBXBuildFile; fileRef = BF5B6267282BFB7F00D5844D /* PlaceCollectionViewCell.xib */; };
		BF5B626D282BFC7F00D5844D /* UpcomingTripCollectionViewCell.swift in Sources */ = {isa = PBXBuildFile; fileRef = BF5B626B282BFC7F00D5844D /* UpcomingTripCollectionViewCell.swift */; };
		BF5B626E282BFC7F00D5844D /* UpcomingTripCollectionViewCell.xib in Resources */ = {isa = PBXBuildFile; fileRef = BF5B626C282BFC7F00D5844D /* UpcomingTripCollectionViewCell.xib */; };
		BF5B6272282BFE2C00D5844D /* ParticipantCollectionViewCell.swift in Sources */ = {isa = PBXBuildFile; fileRef = BF5B6270282BFE2C00D5844D /* ParticipantCollectionViewCell.swift */; };
		BF5B6273282BFE2C00D5844D /* ParticipantCollectionViewCell.xib in Resources */ = {isa = PBXBuildFile; fileRef = BF5B6271282BFE2C00D5844D /* ParticipantCollectionViewCell.xib */; };
		BF5B6275282C010300D5844D /* GoogleService-Info.plist in Resources */ = {isa = PBXBuildFile; fileRef = BF5B6274282C010300D5844D /* GoogleService-Info.plist */; };
		BFA60B85282B1E07006B3DC4 /* SelectedTripPresenter.swift in Sources */ = {isa = PBXBuildFile; fileRef = BFA60B7F282B1E07006B3DC4 /* SelectedTripPresenter.swift */; };
		BFA60B86282B1E07006B3DC4 /* SelectedTripWorker.swift in Sources */ = {isa = PBXBuildFile; fileRef = BFA60B80282B1E07006B3DC4 /* SelectedTripWorker.swift */; };
		BFA60B87282B1E07006B3DC4 /* SelectedTripRouter.swift in Sources */ = {isa = PBXBuildFile; fileRef = BFA60B81282B1E07006B3DC4 /* SelectedTripRouter.swift */; };
		BFA60B88282B1E07006B3DC4 /* SelectedTripModels.swift in Sources */ = {isa = PBXBuildFile; fileRef = BFA60B82282B1E07006B3DC4 /* SelectedTripModels.swift */; };
		BFA60B89282B1E07006B3DC4 /* SelectedTripViewController.swift in Sources */ = {isa = PBXBuildFile; fileRef = BFA60B83282B1E07006B3DC4 /* SelectedTripViewController.swift */; };
		BFA60B8A282B1E07006B3DC4 /* SelectedTripInteractor.swift in Sources */ = {isa = PBXBuildFile; fileRef = BFA60B84282B1E07006B3DC4 /* SelectedTripInteractor.swift */; };
		BFA60B91282B1E17006B3DC4 /* SelectedPlacePresenter.swift in Sources */ = {isa = PBXBuildFile; fileRef = BFA60B8B282B1E17006B3DC4 /* SelectedPlacePresenter.swift */; };
		BFA60B92282B1E17006B3DC4 /* SelectedPlaceWorker.swift in Sources */ = {isa = PBXBuildFile; fileRef = BFA60B8C282B1E17006B3DC4 /* SelectedPlaceWorker.swift */; };
		BFA60B93282B1E17006B3DC4 /* SelectedPlaceRouter.swift in Sources */ = {isa = PBXBuildFile; fileRef = BFA60B8D282B1E17006B3DC4 /* SelectedPlaceRouter.swift */; };
		BFA60B94282B1E17006B3DC4 /* SelectedPlaceModels.swift in Sources */ = {isa = PBXBuildFile; fileRef = BFA60B8E282B1E17006B3DC4 /* SelectedPlaceModels.swift */; };
		BFA60B95282B1E17006B3DC4 /* SelectedPlaceViewController.swift in Sources */ = {isa = PBXBuildFile; fileRef = BFA60B8F282B1E17006B3DC4 /* SelectedPlaceViewController.swift */; };
		BFA60B96282B1E17006B3DC4 /* SelectedPlaceInteractor.swift in Sources */ = {isa = PBXBuildFile; fileRef = BFA60B90282B1E17006B3DC4 /* SelectedPlaceInteractor.swift */; };
		BFA60B9D282B1E6C006B3DC4 /* FavoritePresenter.swift in Sources */ = {isa = PBXBuildFile; fileRef = BFA60B97282B1E6C006B3DC4 /* FavoritePresenter.swift */; };
		BFA60B9E282B1E6C006B3DC4 /* FavoriteWorker.swift in Sources */ = {isa = PBXBuildFile; fileRef = BFA60B98282B1E6C006B3DC4 /* FavoriteWorker.swift */; };
		BFA60B9F282B1E6C006B3DC4 /* FavoriteRouter.swift in Sources */ = {isa = PBXBuildFile; fileRef = BFA60B99282B1E6C006B3DC4 /* FavoriteRouter.swift */; };
		BFA60BA0282B1E6C006B3DC4 /* FavoriteModels.swift in Sources */ = {isa = PBXBuildFile; fileRef = BFA60B9A282B1E6C006B3DC4 /* FavoriteModels.swift */; };
		BFA60BA1282B1E6C006B3DC4 /* FavoriteViewController.swift in Sources */ = {isa = PBXBuildFile; fileRef = BFA60B9B282B1E6C006B3DC4 /* FavoriteViewController.swift */; };
		BFA60BA2282B1E6C006B3DC4 /* FavoriteInteractor.swift in Sources */ = {isa = PBXBuildFile; fileRef = BFA60B9C282B1E6C006B3DC4 /* FavoriteInteractor.swift */; };
		BFA60BA9282B1E93006B3DC4 /* ProfilePresenter.swift in Sources */ = {isa = PBXBuildFile; fileRef = BFA60BA3282B1E93006B3DC4 /* ProfilePresenter.swift */; };
		BFA60BAA282B1E93006B3DC4 /* ProfileWorker.swift in Sources */ = {isa = PBXBuildFile; fileRef = BFA60BA4282B1E93006B3DC4 /* ProfileWorker.swift */; };
		BFA60BAB282B1E93006B3DC4 /* ProfileRouter.swift in Sources */ = {isa = PBXBuildFile; fileRef = BFA60BA5282B1E93006B3DC4 /* ProfileRouter.swift */; };
		BFA60BAC282B1E93006B3DC4 /* ProfileModels.swift in Sources */ = {isa = PBXBuildFile; fileRef = BFA60BA6282B1E93006B3DC4 /* ProfileModels.swift */; };
		BFA60BAD282B1E93006B3DC4 /* ProfileViewController.swift in Sources */ = {isa = PBXBuildFile; fileRef = BFA60BA7282B1E93006B3DC4 /* ProfileViewController.swift */; };
		BFA60BAE282B1E93006B3DC4 /* ProfileInteractor.swift in Sources */ = {isa = PBXBuildFile; fileRef = BFA60BA8282B1E93006B3DC4 /* ProfileInteractor.swift */; };
		BFA60BB6282B1EC3006B3DC4 /* ChatPresenter.swift in Sources */ = {isa = PBXBuildFile; fileRef = BFA60BB0282B1EC3006B3DC4 /* ChatPresenter.swift */; };
		BFA60BB7282B1EC3006B3DC4 /* ChatWorker.swift in Sources */ = {isa = PBXBuildFile; fileRef = BFA60BB1282B1EC3006B3DC4 /* ChatWorker.swift */; };
		BFA60BB8282B1EC3006B3DC4 /* ChatRouter.swift in Sources */ = {isa = PBXBuildFile; fileRef = BFA60BB2282B1EC3006B3DC4 /* ChatRouter.swift */; };
		BFA60BB9282B1EC3006B3DC4 /* ChatModels.swift in Sources */ = {isa = PBXBuildFile; fileRef = BFA60BB3282B1EC3006B3DC4 /* ChatModels.swift */; };
		BFA60BBA282B1EC3006B3DC4 /* ChatViewController.swift in Sources */ = {isa = PBXBuildFile; fileRef = BFA60BB4282B1EC3006B3DC4 /* ChatViewController.swift */; };
		BFA60BBB282B1EC3006B3DC4 /* ChatInteractor.swift in Sources */ = {isa = PBXBuildFile; fileRef = BFA60BB5282B1EC3006B3DC4 /* ChatInteractor.swift */; };
		BFA60BC2282B1EF3006B3DC4 /* CreateTripPresenter.swift in Sources */ = {isa = PBXBuildFile; fileRef = BFA60BBC282B1EF3006B3DC4 /* CreateTripPresenter.swift */; };
		BFA60BC3282B1EF3006B3DC4 /* CreateTripWorker.swift in Sources */ = {isa = PBXBuildFile; fileRef = BFA60BBD282B1EF3006B3DC4 /* CreateTripWorker.swift */; };
		BFA60BC4282B1EF3006B3DC4 /* CreateTripRouter.swift in Sources */ = {isa = PBXBuildFile; fileRef = BFA60BBE282B1EF3006B3DC4 /* CreateTripRouter.swift */; };
		BFA60BC5282B1EF3006B3DC4 /* CreateTripModels.swift in Sources */ = {isa = PBXBuildFile; fileRef = BFA60BBF282B1EF3006B3DC4 /* CreateTripModels.swift */; };
		BFA60BC6282B1EF3006B3DC4 /* CreateTripViewController.swift in Sources */ = {isa = PBXBuildFile; fileRef = BFA60BC0282B1EF3006B3DC4 /* CreateTripViewController.swift */; };
		BFA60BC7282B1EF3006B3DC4 /* CreateTripInteractor.swift in Sources */ = {isa = PBXBuildFile; fileRef = BFA60BC1282B1EF3006B3DC4 /* CreateTripInteractor.swift */; };
		BFA60BCE282B1F02006B3DC4 /* UpcomingTripInformationPresenter.swift in Sources */ = {isa = PBXBuildFile; fileRef = BFA60BC8282B1F02006B3DC4 /* UpcomingTripInformationPresenter.swift */; };
		BFA60BCF282B1F02006B3DC4 /* UpcomingTripInformationWorker.swift in Sources */ = {isa = PBXBuildFile; fileRef = BFA60BC9282B1F02006B3DC4 /* UpcomingTripInformationWorker.swift */; };
		BFA60BD0282B1F02006B3DC4 /* UpcomingTripInformationRouter.swift in Sources */ = {isa = PBXBuildFile; fileRef = BFA60BCA282B1F02006B3DC4 /* UpcomingTripInformationRouter.swift */; };
		BFA60BD1282B1F02006B3DC4 /* UpcomingTripInformationModels.swift in Sources */ = {isa = PBXBuildFile; fileRef = BFA60BCB282B1F02006B3DC4 /* UpcomingTripInformationModels.swift */; };
		BFA60BD2282B1F02006B3DC4 /* UpcomingTripInformationViewController.swift in Sources */ = {isa = PBXBuildFile; fileRef = BFA60BCC282B1F02006B3DC4 /* UpcomingTripInformationViewController.swift */; };
		BFA60BD3282B1F02006B3DC4 /* UpcomingTripInformationInteractor.swift in Sources */ = {isa = PBXBuildFile; fileRef = BFA60BCD282B1F02006B3DC4 /* UpcomingTripInformationInteractor.swift */; };
		BFB319052832AFB500E13C65 /* FirebaseManager.swift in Sources */ = {isa = PBXBuildFile; fileRef = BFB319042832AFB500E13C65 /* FirebaseManager.swift */; };
		BFBB173C2832887D00F6C6A9 /* AllLocationsPresenter.swift in Sources */ = {isa = PBXBuildFile; fileRef = BFBB17362832887C00F6C6A9 /* AllLocationsPresenter.swift */; };
		BFBB173D2832887D00F6C6A9 /* AllLocationsWorker.swift in Sources */ = {isa = PBXBuildFile; fileRef = BFBB17372832887C00F6C6A9 /* AllLocationsWorker.swift */; };
		BFBB173E2832887D00F6C6A9 /* AllLocationsRouter.swift in Sources */ = {isa = PBXBuildFile; fileRef = BFBB17382832887D00F6C6A9 /* AllLocationsRouter.swift */; };
		BFBB173F2832887D00F6C6A9 /* AllLocationsModels.swift in Sources */ = {isa = PBXBuildFile; fileRef = BFBB17392832887D00F6C6A9 /* AllLocationsModels.swift */; };
		BFBB17402832887D00F6C6A9 /* AllLocationsViewController.swift in Sources */ = {isa = PBXBuildFile; fileRef = BFBB173A2832887D00F6C6A9 /* AllLocationsViewController.swift */; };
		BFBB17412832887D00F6C6A9 /* AllLocationsInteractor.swift in Sources */ = {isa = PBXBuildFile; fileRef = BFBB173B2832887D00F6C6A9 /* AllLocationsInteractor.swift */; };
		BFBF0A28283428840000559E /* AuthManager.swift in Sources */ = {isa = PBXBuildFile; fileRef = BFBF0A27283428840000559E /* AuthManager.swift */; };
		BFBF0A2A28342DA40000559E /* TabBarViewController.swift in Sources */ = {isa = PBXBuildFile; fileRef = BFBF0A2928342DA40000559E /* TabBarViewController.swift */; };
		BFBF0A39283435260000559E /* AuthorizationRouter.swift in Sources */ = {isa = PBXBuildFile; fileRef = BFBF0A2C283435250000559E /* AuthorizationRouter.swift */; };
		BFBF0A3A283435260000559E /* AuthorizationPresenter.swift in Sources */ = {isa = PBXBuildFile; fileRef = BFBF0A2D283435250000559E /* AuthorizationPresenter.swift */; };
		BFBF0A3B283435260000559E /* AuthorizationWorker.swift in Sources */ = {isa = PBXBuildFile; fileRef = BFBF0A2E283435250000559E /* AuthorizationWorker.swift */; };
		BFBF0A3C283435260000559E /* AuthorizationModels.swift in Sources */ = {isa = PBXBuildFile; fileRef = BFBF0A2F283435250000559E /* AuthorizationModels.swift */; };
		BFBF0A3D283435260000559E /* AuthorizationInteractor.swift in Sources */ = {isa = PBXBuildFile; fileRef = BFBF0A30283435250000559E /* AuthorizationInteractor.swift */; };
		BFBF0A3E283435260000559E /* AuthorizationViewController.swift in Sources */ = {isa = PBXBuildFile; fileRef = BFBF0A31283435250000559E /* AuthorizationViewController.swift */; };
		BFBF0A3F283435260000559E /* RegistrationWorker.swift in Sources */ = {isa = PBXBuildFile; fileRef = BFBF0A33283435260000559E /* RegistrationWorker.swift */; };
		BFBF0A40283435260000559E /* RegistrationInteractor.swift in Sources */ = {isa = PBXBuildFile; fileRef = BFBF0A34283435260000559E /* RegistrationInteractor.swift */; };
		BFBF0A41283435260000559E /* RegistrationRouter.swift in Sources */ = {isa = PBXBuildFile; fileRef = BFBF0A35283435260000559E /* RegistrationRouter.swift */; };
		BFBF0A42283435260000559E /* RegistrationModels.swift in Sources */ = {isa = PBXBuildFile; fileRef = BFBF0A36283435260000559E /* RegistrationModels.swift */; };
		BFBF0A43283435260000559E /* RegistrationPresenter.swift in Sources */ = {isa = PBXBuildFile; fileRef = BFBF0A37283435260000559E /* RegistrationPresenter.swift */; };
		BFBF0A44283435260000559E /* RegistrationViewController.swift in Sources */ = {isa = PBXBuildFile; fileRef = BFBF0A38283435260000559E /* RegistrationViewController.swift */; };
		BFBF0A462834359B0000559E /* CheckField.swift in Sources */ = {isa = PBXBuildFile; fileRef = BFBF0A452834359B0000559E /* CheckField.swift */; };
		BFBF0A4B283437B20000559E /* MessangeManager.swift in Sources */ = {isa = PBXBuildFile; fileRef = BFBF0A48283437B20000559E /* MessangeManager.swift */; };
		BFBF0A4C283437B20000559E /* FirebaseAuthManager.swift in Sources */ = {isa = PBXBuildFile; fileRef = BFBF0A49283437B20000559E /* FirebaseAuthManager.swift */; };
		BFBF0A5528343CDE0000559E /* SliderInteractor.swift in Sources */ = {isa = PBXBuildFile; fileRef = BFBF0A4F28343CDE0000559E /* SliderInteractor.swift */; };
		BFBF0A5628343CDE0000559E /* SliderRouter.swift in Sources */ = {isa = PBXBuildFile; fileRef = BFBF0A5028343CDE0000559E /* SliderRouter.swift */; };
		BFBF0A5728343CDE0000559E /* SliderWorker.swift in Sources */ = {isa = PBXBuildFile; fileRef = BFBF0A5128343CDE0000559E /* SliderWorker.swift */; };
		BFBF0A5828343CDE0000559E /* SliderPresenter.swift in Sources */ = {isa = PBXBuildFile; fileRef = BFBF0A5228343CDE0000559E /* SliderPresenter.swift */; };
		BFBF0A5928343CDE0000559E /* SliderViewController.swift in Sources */ = {isa = PBXBuildFile; fileRef = BFBF0A5328343CDE0000559E /* SliderViewController.swift */; };
		BFBF0A5A28343CDE0000559E /* SliderModels.swift in Sources */ = {isa = PBXBuildFile; fileRef = BFBF0A5428343CDE0000559E /* SliderModels.swift */; };
		BFBF0A5D28343D270000559E /* SliderCollectionViewCell.xib in Resources */ = {isa = PBXBuildFile; fileRef = BFBF0A5B28343D270000559E /* SliderCollectionViewCell.xib */; };
		BFBF0A5E28343D270000559E /* SliderCollectionViewCell.swift in Sources */ = {isa = PBXBuildFile; fileRef = BFBF0A5C28343D270000559E /* SliderCollectionViewCell.swift */; };
		BFCC299E282AB2B3004FE1FE /* AppDelegate.swift in Sources */ = {isa = PBXBuildFile; fileRef = BFCC299D282AB2B3004FE1FE /* AppDelegate.swift */; };
		BFCC29A0282AB2B3004FE1FE /* SceneDelegate.swift in Sources */ = {isa = PBXBuildFile; fileRef = BFCC299F282AB2B3004FE1FE /* SceneDelegate.swift */; };
		BFCC29A5282AB2B3004FE1FE /* Main.storyboard in Resources */ = {isa = PBXBuildFile; fileRef = BFCC29A3282AB2B3004FE1FE /* Main.storyboard */; };
		BFCC29A7282AB2C6004FE1FE /* Assets.xcassets in Resources */ = {isa = PBXBuildFile; fileRef = BFCC29A6282AB2C6004FE1FE /* Assets.xcassets */; };
		BFCC29AA282AB2C6004FE1FE /* LaunchScreen.storyboard in Resources */ = {isa = PBXBuildFile; fileRef = BFCC29A8282AB2C6004FE1FE /* LaunchScreen.storyboard */; };
		BFCC29BF282AF4EB004FE1FE /* MainPresenter.swift in Sources */ = {isa = PBXBuildFile; fileRef = BFCC29B9282AF4EB004FE1FE /* MainPresenter.swift */; };
		BFCC29C0282AF4EB004FE1FE /* MainWorker.swift in Sources */ = {isa = PBXBuildFile; fileRef = BFCC29BA282AF4EB004FE1FE /* MainWorker.swift */; };
		BFCC29C1282AF4EB004FE1FE /* MainRouter.swift in Sources */ = {isa = PBXBuildFile; fileRef = BFCC29BB282AF4EB004FE1FE /* MainRouter.swift */; };
		BFCC29C2282AF4EB004FE1FE /* MainModels.swift in Sources */ = {isa = PBXBuildFile; fileRef = BFCC29BC282AF4EB004FE1FE /* MainModels.swift */; };
		BFCC29C3282AF4EB004FE1FE /* MainViewController.swift in Sources */ = {isa = PBXBuildFile; fileRef = BFCC29BD282AF4EB004FE1FE /* MainViewController.swift */; };
		BFCC29C4282AF4EB004FE1FE /* MainInteractor.swift in Sources */ = {isa = PBXBuildFile; fileRef = BFCC29BE282AF4EB004FE1FE /* MainInteractor.swift */; };
		BFD57564282BEE28007CBBE8 /* RegionCollectionViewCell.swift in Sources */ = {isa = PBXBuildFile; fileRef = BFD57562282BEE28007CBBE8 /* RegionCollectionViewCell.swift */; };
		BFD57565282BEE28007CBBE8 /* RegionCollectionViewCell.xib in Resources */ = {isa = PBXBuildFile; fileRef = BFD57563282BEE28007CBBE8 /* RegionCollectionViewCell.xib */; };
/* End PBXBuildFile section */

/* Begin PBXFileReference section */
		3B45B03D0CA517FD2A262868 /* Pods_BelTravelApp.framework */ = {isa = PBXFileReference; explicitFileType = wrapper.framework; includeInIndex = 0; path = Pods_BelTravelApp.framework; sourceTree = BUILT_PRODUCTS_DIR; };
		59373C6AE4C8BF75A921E1C1 /* Pods-BelTravelApp.release.xcconfig */ = {isa = PBXFileReference; includeInIndex = 1; lastKnownFileType = text.xcconfig; name = "Pods-BelTravelApp.release.xcconfig"; path = "Target Support Files/Pods-BelTravelApp/Pods-BelTravelApp.release.xcconfig"; sourceTree = "<group>"; };
		BF5B6266282BFB7F00D5844D /* PlaceCollectionViewCell.swift */ = {isa = PBXFileReference; lastKnownFileType = sourcecode.swift; path = PlaceCollectionViewCell.swift; sourceTree = "<group>"; };
		BF5B6267282BFB7F00D5844D /* PlaceCollectionViewCell.xib */ = {isa = PBXFileReference; lastKnownFileType = file.xib; path = PlaceCollectionViewCell.xib; sourceTree = "<group>"; };
		BF5B626B282BFC7F00D5844D /* UpcomingTripCollectionViewCell.swift */ = {isa = PBXFileReference; lastKnownFileType = sourcecode.swift; path = UpcomingTripCollectionViewCell.swift; sourceTree = "<group>"; };
		BF5B626C282BFC7F00D5844D /* UpcomingTripCollectionViewCell.xib */ = {isa = PBXFileReference; lastKnownFileType = file.xib; path = UpcomingTripCollectionViewCell.xib; sourceTree = "<group>"; };
		BF5B6270282BFE2C00D5844D /* ParticipantCollectionViewCell.swift */ = {isa = PBXFileReference; lastKnownFileType = sourcecode.swift; path = ParticipantCollectionViewCell.swift; sourceTree = "<group>"; };
		BF5B6271282BFE2C00D5844D /* ParticipantCollectionViewCell.xib */ = {isa = PBXFileReference; lastKnownFileType = file.xib; path = ParticipantCollectionViewCell.xib; sourceTree = "<group>"; };
		BF5B6274282C010300D5844D /* GoogleService-Info.plist */ = {isa = PBXFileReference; fileEncoding = 4; lastKnownFileType = text.plist.xml; path = "GoogleService-Info.plist"; sourceTree = "<group>"; };
		BFA60B7F282B1E07006B3DC4 /* SelectedTripPresenter.swift */ = {isa = PBXFileReference; lastKnownFileType = sourcecode.swift; path = SelectedTripPresenter.swift; sourceTree = "<group>"; };
		BFA60B80282B1E07006B3DC4 /* SelectedTripWorker.swift */ = {isa = PBXFileReference; lastKnownFileType = sourcecode.swift; path = SelectedTripWorker.swift; sourceTree = "<group>"; };
		BFA60B81282B1E07006B3DC4 /* SelectedTripRouter.swift */ = {isa = PBXFileReference; lastKnownFileType = sourcecode.swift; path = SelectedTripRouter.swift; sourceTree = "<group>"; };
		BFA60B82282B1E07006B3DC4 /* SelectedTripModels.swift */ = {isa = PBXFileReference; lastKnownFileType = sourcecode.swift; path = SelectedTripModels.swift; sourceTree = "<group>"; };
		BFA60B83282B1E07006B3DC4 /* SelectedTripViewController.swift */ = {isa = PBXFileReference; lastKnownFileType = sourcecode.swift; path = SelectedTripViewController.swift; sourceTree = "<group>"; };
		BFA60B84282B1E07006B3DC4 /* SelectedTripInteractor.swift */ = {isa = PBXFileReference; lastKnownFileType = sourcecode.swift; path = SelectedTripInteractor.swift; sourceTree = "<group>"; };
		BFA60B8B282B1E17006B3DC4 /* SelectedPlacePresenter.swift */ = {isa = PBXFileReference; lastKnownFileType = sourcecode.swift; path = SelectedPlacePresenter.swift; sourceTree = "<group>"; };
		BFA60B8C282B1E17006B3DC4 /* SelectedPlaceWorker.swift */ = {isa = PBXFileReference; lastKnownFileType = sourcecode.swift; path = SelectedPlaceWorker.swift; sourceTree = "<group>"; };
		BFA60B8D282B1E17006B3DC4 /* SelectedPlaceRouter.swift */ = {isa = PBXFileReference; lastKnownFileType = sourcecode.swift; path = SelectedPlaceRouter.swift; sourceTree = "<group>"; };
		BFA60B8E282B1E17006B3DC4 /* SelectedPlaceModels.swift */ = {isa = PBXFileReference; lastKnownFileType = sourcecode.swift; path = SelectedPlaceModels.swift; sourceTree = "<group>"; };
		BFA60B8F282B1E17006B3DC4 /* SelectedPlaceViewController.swift */ = {isa = PBXFileReference; lastKnownFileType = sourcecode.swift; path = SelectedPlaceViewController.swift; sourceTree = "<group>"; };
		BFA60B90282B1E17006B3DC4 /* SelectedPlaceInteractor.swift */ = {isa = PBXFileReference; lastKnownFileType = sourcecode.swift; path = SelectedPlaceInteractor.swift; sourceTree = "<group>"; };
		BFA60B97282B1E6C006B3DC4 /* FavoritePresenter.swift */ = {isa = PBXFileReference; lastKnownFileType = sourcecode.swift; path = FavoritePresenter.swift; sourceTree = "<group>"; };
		BFA60B98282B1E6C006B3DC4 /* FavoriteWorker.swift */ = {isa = PBXFileReference; lastKnownFileType = sourcecode.swift; path = FavoriteWorker.swift; sourceTree = "<group>"; };
		BFA60B99282B1E6C006B3DC4 /* FavoriteRouter.swift */ = {isa = PBXFileReference; lastKnownFileType = sourcecode.swift; path = FavoriteRouter.swift; sourceTree = "<group>"; };
		BFA60B9A282B1E6C006B3DC4 /* FavoriteModels.swift */ = {isa = PBXFileReference; lastKnownFileType = sourcecode.swift; path = FavoriteModels.swift; sourceTree = "<group>"; };
		BFA60B9B282B1E6C006B3DC4 /* FavoriteViewController.swift */ = {isa = PBXFileReference; lastKnownFileType = sourcecode.swift; path = FavoriteViewController.swift; sourceTree = "<group>"; };
		BFA60B9C282B1E6C006B3DC4 /* FavoriteInteractor.swift */ = {isa = PBXFileReference; lastKnownFileType = sourcecode.swift; path = FavoriteInteractor.swift; sourceTree = "<group>"; };
		BFA60BA3282B1E93006B3DC4 /* ProfilePresenter.swift */ = {isa = PBXFileReference; lastKnownFileType = sourcecode.swift; path = ProfilePresenter.swift; sourceTree = "<group>"; };
		BFA60BA4282B1E93006B3DC4 /* ProfileWorker.swift */ = {isa = PBXFileReference; lastKnownFileType = sourcecode.swift; path = ProfileWorker.swift; sourceTree = "<group>"; };
		BFA60BA5282B1E93006B3DC4 /* ProfileRouter.swift */ = {isa = PBXFileReference; lastKnownFileType = sourcecode.swift; path = ProfileRouter.swift; sourceTree = "<group>"; };
		BFA60BA6282B1E93006B3DC4 /* ProfileModels.swift */ = {isa = PBXFileReference; lastKnownFileType = sourcecode.swift; path = ProfileModels.swift; sourceTree = "<group>"; };
		BFA60BA7282B1E93006B3DC4 /* ProfileViewController.swift */ = {isa = PBXFileReference; lastKnownFileType = sourcecode.swift; path = ProfileViewController.swift; sourceTree = "<group>"; };
		BFA60BA8282B1E93006B3DC4 /* ProfileInteractor.swift */ = {isa = PBXFileReference; lastKnownFileType = sourcecode.swift; path = ProfileInteractor.swift; sourceTree = "<group>"; };
		BFA60BB0282B1EC3006B3DC4 /* ChatPresenter.swift */ = {isa = PBXFileReference; lastKnownFileType = sourcecode.swift; path = ChatPresenter.swift; sourceTree = "<group>"; };
		BFA60BB1282B1EC3006B3DC4 /* ChatWorker.swift */ = {isa = PBXFileReference; lastKnownFileType = sourcecode.swift; path = ChatWorker.swift; sourceTree = "<group>"; };
		BFA60BB2282B1EC3006B3DC4 /* ChatRouter.swift */ = {isa = PBXFileReference; lastKnownFileType = sourcecode.swift; path = ChatRouter.swift; sourceTree = "<group>"; };
		BFA60BB3282B1EC3006B3DC4 /* ChatModels.swift */ = {isa = PBXFileReference; lastKnownFileType = sourcecode.swift; path = ChatModels.swift; sourceTree = "<group>"; };
		BFA60BB4282B1EC3006B3DC4 /* ChatViewController.swift */ = {isa = PBXFileReference; lastKnownFileType = sourcecode.swift; path = ChatViewController.swift; sourceTree = "<group>"; };
		BFA60BB5282B1EC3006B3DC4 /* ChatInteractor.swift */ = {isa = PBXFileReference; lastKnownFileType = sourcecode.swift; path = ChatInteractor.swift; sourceTree = "<group>"; };
		BFA60BBC282B1EF3006B3DC4 /* CreateTripPresenter.swift */ = {isa = PBXFileReference; lastKnownFileType = sourcecode.swift; path = CreateTripPresenter.swift; sourceTree = "<group>"; };
		BFA60BBD282B1EF3006B3DC4 /* CreateTripWorker.swift */ = {isa = PBXFileReference; lastKnownFileType = sourcecode.swift; path = CreateTripWorker.swift; sourceTree = "<group>"; };
		BFA60BBE282B1EF3006B3DC4 /* CreateTripRouter.swift */ = {isa = PBXFileReference; lastKnownFileType = sourcecode.swift; path = CreateTripRouter.swift; sourceTree = "<group>"; };
		BFA60BBF282B1EF3006B3DC4 /* CreateTripModels.swift */ = {isa = PBXFileReference; lastKnownFileType = sourcecode.swift; path = CreateTripModels.swift; sourceTree = "<group>"; };
		BFA60BC0282B1EF3006B3DC4 /* CreateTripViewController.swift */ = {isa = PBXFileReference; lastKnownFileType = sourcecode.swift; path = CreateTripViewController.swift; sourceTree = "<group>"; };
		BFA60BC1282B1EF3006B3DC4 /* CreateTripInteractor.swift */ = {isa = PBXFileReference; lastKnownFileType = sourcecode.swift; path = CreateTripInteractor.swift; sourceTree = "<group>"; };
		BFA60BC8282B1F02006B3DC4 /* UpcomingTripInformationPresenter.swift */ = {isa = PBXFileReference; lastKnownFileType = sourcecode.swift; path = UpcomingTripInformationPresenter.swift; sourceTree = "<group>"; };
		BFA60BC9282B1F02006B3DC4 /* UpcomingTripInformationWorker.swift */ = {isa = PBXFileReference; lastKnownFileType = sourcecode.swift; path = UpcomingTripInformationWorker.swift; sourceTree = "<group>"; };
		BFA60BCA282B1F02006B3DC4 /* UpcomingTripInformationRouter.swift */ = {isa = PBXFileReference; lastKnownFileType = sourcecode.swift; path = UpcomingTripInformationRouter.swift; sourceTree = "<group>"; };
		BFA60BCB282B1F02006B3DC4 /* UpcomingTripInformationModels.swift */ = {isa = PBXFileReference; lastKnownFileType = sourcecode.swift; path = UpcomingTripInformationModels.swift; sourceTree = "<group>"; };
		BFA60BCC282B1F02006B3DC4 /* UpcomingTripInformationViewController.swift */ = {isa = PBXFileReference; lastKnownFileType = sourcecode.swift; path = UpcomingTripInformationViewController.swift; sourceTree = "<group>"; };
		BFA60BCD282B1F02006B3DC4 /* UpcomingTripInformationInteractor.swift */ = {isa = PBXFileReference; lastKnownFileType = sourcecode.swift; path = UpcomingTripInformationInteractor.swift; sourceTree = "<group>"; };
		BFB319042832AFB500E13C65 /* FirebaseManager.swift */ = {isa = PBXFileReference; lastKnownFileType = sourcecode.swift; path = FirebaseManager.swift; sourceTree = "<group>"; };
		BFBB17362832887C00F6C6A9 /* AllLocationsPresenter.swift */ = {isa = PBXFileReference; lastKnownFileType = sourcecode.swift; path = AllLocationsPresenter.swift; sourceTree = "<group>"; };
		BFBB17372832887C00F6C6A9 /* AllLocationsWorker.swift */ = {isa = PBXFileReference; lastKnownFileType = sourcecode.swift; path = AllLocationsWorker.swift; sourceTree = "<group>"; };
		BFBB17382832887D00F6C6A9 /* AllLocationsRouter.swift */ = {isa = PBXFileReference; lastKnownFileType = sourcecode.swift; path = AllLocationsRouter.swift; sourceTree = "<group>"; };
		BFBB17392832887D00F6C6A9 /* AllLocationsModels.swift */ = {isa = PBXFileReference; lastKnownFileType = sourcecode.swift; path = AllLocationsModels.swift; sourceTree = "<group>"; };
		BFBB173A2832887D00F6C6A9 /* AllLocationsViewController.swift */ = {isa = PBXFileReference; lastKnownFileType = sourcecode.swift; path = AllLocationsViewController.swift; sourceTree = "<group>"; };
		BFBB173B2832887D00F6C6A9 /* AllLocationsInteractor.swift */ = {isa = PBXFileReference; lastKnownFileType = sourcecode.swift; path = AllLocationsInteractor.swift; sourceTree = "<group>"; };
		BFBF0A27283428840000559E /* AuthManager.swift */ = {isa = PBXFileReference; lastKnownFileType = sourcecode.swift; path = AuthManager.swift; sourceTree = "<group>"; };
		BFBF0A2928342DA40000559E /* TabBarViewController.swift */ = {isa = PBXFileReference; lastKnownFileType = sourcecode.swift; path = TabBarViewController.swift; sourceTree = "<group>"; };
		BFBF0A2C283435250000559E /* AuthorizationRouter.swift */ = {isa = PBXFileReference; fileEncoding = 4; lastKnownFileType = sourcecode.swift; path = AuthorizationRouter.swift; sourceTree = "<group>"; };
		BFBF0A2D283435250000559E /* AuthorizationPresenter.swift */ = {isa = PBXFileReference; fileEncoding = 4; lastKnownFileType = sourcecode.swift; path = AuthorizationPresenter.swift; sourceTree = "<group>"; };
		BFBF0A2E283435250000559E /* AuthorizationWorker.swift */ = {isa = PBXFileReference; fileEncoding = 4; lastKnownFileType = sourcecode.swift; path = AuthorizationWorker.swift; sourceTree = "<group>"; };
		BFBF0A2F283435250000559E /* AuthorizationModels.swift */ = {isa = PBXFileReference; fileEncoding = 4; lastKnownFileType = sourcecode.swift; path = AuthorizationModels.swift; sourceTree = "<group>"; };
		BFBF0A30283435250000559E /* AuthorizationInteractor.swift */ = {isa = PBXFileReference; fileEncoding = 4; lastKnownFileType = sourcecode.swift; path = AuthorizationInteractor.swift; sourceTree = "<group>"; };
		BFBF0A31283435250000559E /* AuthorizationViewController.swift */ = {isa = PBXFileReference; fileEncoding = 4; lastKnownFileType = sourcecode.swift; path = AuthorizationViewController.swift; sourceTree = "<group>"; };
		BFBF0A33283435260000559E /* RegistrationWorker.swift */ = {isa = PBXFileReference; fileEncoding = 4; lastKnownFileType = sourcecode.swift; path = RegistrationWorker.swift; sourceTree = "<group>"; };
		BFBF0A34283435260000559E /* RegistrationInteractor.swift */ = {isa = PBXFileReference; fileEncoding = 4; lastKnownFileType = sourcecode.swift; path = RegistrationInteractor.swift; sourceTree = "<group>"; };
		BFBF0A35283435260000559E /* RegistrationRouter.swift */ = {isa = PBXFileReference; fileEncoding = 4; lastKnownFileType = sourcecode.swift; path = RegistrationRouter.swift; sourceTree = "<group>"; };
		BFBF0A36283435260000559E /* RegistrationModels.swift */ = {isa = PBXFileReference; fileEncoding = 4; lastKnownFileType = sourcecode.swift; path = RegistrationModels.swift; sourceTree = "<group>"; };
		BFBF0A37283435260000559E /* RegistrationPresenter.swift */ = {isa = PBXFileReference; fileEncoding = 4; lastKnownFileType = sourcecode.swift; path = RegistrationPresenter.swift; sourceTree = "<group>"; };
		BFBF0A38283435260000559E /* RegistrationViewController.swift */ = {isa = PBXFileReference; fileEncoding = 4; lastKnownFileType = sourcecode.swift; path = RegistrationViewController.swift; sourceTree = "<group>"; };
		BFBF0A452834359B0000559E /* CheckField.swift */ = {isa = PBXFileReference; fileEncoding = 4; lastKnownFileType = sourcecode.swift; path = CheckField.swift; sourceTree = "<group>"; };
		BFBF0A48283437B20000559E /* MessangeManager.swift */ = {isa = PBXFileReference; fileEncoding = 4; lastKnownFileType = sourcecode.swift; path = MessangeManager.swift; sourceTree = "<group>"; };
		BFBF0A49283437B20000559E /* FirebaseAuthManager.swift */ = {isa = PBXFileReference; fileEncoding = 4; lastKnownFileType = sourcecode.swift; path = FirebaseAuthManager.swift; sourceTree = "<group>"; };
		BFBF0A4F28343CDE0000559E /* SliderInteractor.swift */ = {isa = PBXFileReference; fileEncoding = 4; lastKnownFileType = sourcecode.swift; path = SliderInteractor.swift; sourceTree = "<group>"; };
		BFBF0A5028343CDE0000559E /* SliderRouter.swift */ = {isa = PBXFileReference; fileEncoding = 4; lastKnownFileType = sourcecode.swift; path = SliderRouter.swift; sourceTree = "<group>"; };
		BFBF0A5128343CDE0000559E /* SliderWorker.swift */ = {isa = PBXFileReference; fileEncoding = 4; lastKnownFileType = sourcecode.swift; path = SliderWorker.swift; sourceTree = "<group>"; };
		BFBF0A5228343CDE0000559E /* SliderPresenter.swift */ = {isa = PBXFileReference; fileEncoding = 4; lastKnownFileType = sourcecode.swift; path = SliderPresenter.swift; sourceTree = "<group>"; };
		BFBF0A5328343CDE0000559E /* SliderViewController.swift */ = {isa = PBXFileReference; fileEncoding = 4; lastKnownFileType = sourcecode.swift; path = SliderViewController.swift; sourceTree = "<group>"; };
		BFBF0A5428343CDE0000559E /* SliderModels.swift */ = {isa = PBXFileReference; fileEncoding = 4; lastKnownFileType = sourcecode.swift; path = SliderModels.swift; sourceTree = "<group>"; };
		BFBF0A5B28343D270000559E /* SliderCollectionViewCell.xib */ = {isa = PBXFileReference; fileEncoding = 4; lastKnownFileType = file.xib; path = SliderCollectionViewCell.xib; sourceTree = "<group>"; };
		BFBF0A5C28343D270000559E /* SliderCollectionViewCell.swift */ = {isa = PBXFileReference; fileEncoding = 4; lastKnownFileType = sourcecode.swift; path = SliderCollectionViewCell.swift; sourceTree = "<group>"; };
		BFCC299A282AB2B3004FE1FE /* BelTravelApp.app */ = {isa = PBXFileReference; explicitFileType = wrapper.application; includeInIndex = 0; path = BelTravelApp.app; sourceTree = BUILT_PRODUCTS_DIR; };
		BFCC299D282AB2B3004FE1FE /* AppDelegate.swift */ = {isa = PBXFileReference; lastKnownFileType = sourcecode.swift; path = AppDelegate.swift; sourceTree = "<group>"; };
		BFCC299F282AB2B3004FE1FE /* SceneDelegate.swift */ = {isa = PBXFileReference; lastKnownFileType = sourcecode.swift; path = SceneDelegate.swift; sourceTree = "<group>"; };
		BFCC29A4282AB2B3004FE1FE /* Base */ = {isa = PBXFileReference; lastKnownFileType = file.storyboard; name = Base; path = Base.lproj/Main.storyboard; sourceTree = "<group>"; };
		BFCC29A6282AB2C6004FE1FE /* Assets.xcassets */ = {isa = PBXFileReference; lastKnownFileType = folder.assetcatalog; path = Assets.xcassets; sourceTree = "<group>"; };
		BFCC29A9282AB2C6004FE1FE /* Base */ = {isa = PBXFileReference; lastKnownFileType = file.storyboard; name = Base; path = Base.lproj/LaunchScreen.storyboard; sourceTree = "<group>"; };
		BFCC29AB282AB2C6004FE1FE /* Info.plist */ = {isa = PBXFileReference; lastKnownFileType = text.plist.xml; path = Info.plist; sourceTree = "<group>"; };
		BFCC29B9282AF4EB004FE1FE /* MainPresenter.swift */ = {isa = PBXFileReference; lastKnownFileType = sourcecode.swift; path = MainPresenter.swift; sourceTree = "<group>"; };
		BFCC29BA282AF4EB004FE1FE /* MainWorker.swift */ = {isa = PBXFileReference; lastKnownFileType = sourcecode.swift; path = MainWorker.swift; sourceTree = "<group>"; };
		BFCC29BB282AF4EB004FE1FE /* MainRouter.swift */ = {isa = PBXFileReference; lastKnownFileType = sourcecode.swift; path = MainRouter.swift; sourceTree = "<group>"; };
		BFCC29BC282AF4EB004FE1FE /* MainModels.swift */ = {isa = PBXFileReference; lastKnownFileType = sourcecode.swift; path = MainModels.swift; sourceTree = "<group>"; };
		BFCC29BD282AF4EB004FE1FE /* MainViewController.swift */ = {isa = PBXFileReference; lastKnownFileType = sourcecode.swift; path = MainViewController.swift; sourceTree = "<group>"; };
		BFCC29BE282AF4EB004FE1FE /* MainInteractor.swift */ = {isa = PBXFileReference; lastKnownFileType = sourcecode.swift; path = MainInteractor.swift; sourceTree = "<group>"; };
		BFD57562282BEE28007CBBE8 /* RegionCollectionViewCell.swift */ = {isa = PBXFileReference; lastKnownFileType = sourcecode.swift; path = RegionCollectionViewCell.swift; sourceTree = "<group>"; };
		BFD57563282BEE28007CBBE8 /* RegionCollectionViewCell.xib */ = {isa = PBXFileReference; lastKnownFileType = file.xib; path = RegionCollectionViewCell.xib; sourceTree = "<group>"; };
		CC5FB13307FD300722427CE1 /* Pods-BelTravelApp.debug.xcconfig */ = {isa = PBXFileReference; includeInIndex = 1; lastKnownFileType = text.xcconfig; name = "Pods-BelTravelApp.debug.xcconfig"; path = "Target Support Files/Pods-BelTravelApp/Pods-BelTravelApp.debug.xcconfig"; sourceTree = "<group>"; };
/* End PBXFileReference section */

/* Begin PBXFrameworksBuildPhase section */
		BFCC2997282AB2B2004FE1FE /* Frameworks */ = {
			isa = PBXFrameworksBuildPhase;
			buildActionMask = 2147483647;
			files = (
				2D329A72F874C9E2EA794C52 /* Pods_BelTravelApp.framework in Frameworks */,
			);
			runOnlyForDeploymentPostprocessing = 0;
		};
/* End PBXFrameworksBuildPhase section */

/* Begin PBXGroup section */
		AD51456387D955C8AA146C03 /* Pods */ = {
			isa = PBXGroup;
			children = (
				CC5FB13307FD300722427CE1 /* Pods-BelTravelApp.debug.xcconfig */,
				59373C6AE4C8BF75A921E1C1 /* Pods-BelTravelApp.release.xcconfig */,
			);
			path = Pods;
			sourceTree = "<group>";
		};
		BF5B6262282BFABF00D5844D /* RegionCell */ = {
			isa = PBXGroup;
			children = (
				BFD57562282BEE28007CBBE8 /* RegionCollectionViewCell.swift */,
				BFD57563282BEE28007CBBE8 /* RegionCollectionViewCell.xib */,
			);
			path = RegionCell;
			sourceTree = "<group>";
		};
		BF5B6263282BFADC00D5844D /* PlaceCell */ = {
			isa = PBXGroup;
			children = (
				BF5B6266282BFB7F00D5844D /* PlaceCollectionViewCell.swift */,
				BF5B6267282BFB7F00D5844D /* PlaceCollectionViewCell.xib */,
			);
			path = PlaceCell;
			sourceTree = "<group>";
		};
		BF5B626A282BFC5B00D5844D /* UpcomingTripCell */ = {
			isa = PBXGroup;
			children = (
				BF5B626B282BFC7F00D5844D /* UpcomingTripCollectionViewCell.swift */,
				BF5B626C282BFC7F00D5844D /* UpcomingTripCollectionViewCell.xib */,
			);
			path = UpcomingTripCell;
			sourceTree = "<group>";
		};
		BF5B626F282BFE0F00D5844D /* ParticipantCell */ = {
			isa = PBXGroup;
			children = (
				BF5B6270282BFE2C00D5844D /* ParticipantCollectionViewCell.swift */,
				BF5B6271282BFE2C00D5844D /* ParticipantCollectionViewCell.xib */,
			);
			path = ParticipantCell;
			sourceTree = "<group>";
		};
		BFA60BAF282B1EA2006B3DC4 /* ChatScene */ = {
			isa = PBXGroup;
			children = (
				BFA60BB0282B1EC3006B3DC4 /* ChatPresenter.swift */,
				BFA60BB1282B1EC3006B3DC4 /* ChatWorker.swift */,
				BFA60BB2282B1EC3006B3DC4 /* ChatRouter.swift */,
				BFA60BB3282B1EC3006B3DC4 /* ChatModels.swift */,
				BFA60BB4282B1EC3006B3DC4 /* ChatViewController.swift */,
				BFA60BB5282B1EC3006B3DC4 /* ChatInteractor.swift */,
			);
			path = ChatScene;
			sourceTree = "<group>";
		};
		BFBB17352832885C00F6C6A9 /* AllLocationsScene */ = {
			isa = PBXGroup;
			children = (
				BFBB17362832887C00F6C6A9 /* AllLocationsPresenter.swift */,
				BFBB17372832887C00F6C6A9 /* AllLocationsWorker.swift */,
				BFBB17382832887D00F6C6A9 /* AllLocationsRouter.swift */,
				BFBB17392832887D00F6C6A9 /* AllLocationsModels.swift */,
				BFBB173A2832887D00F6C6A9 /* AllLocationsViewController.swift */,
				BFBB173B2832887D00F6C6A9 /* AllLocationsInteractor.swift */,
			);
			path = AllLocationsScene;
			sourceTree = "<group>";
		};
		BFBF0A2B283435250000559E /* AuthorizationScene */ = {
			isa = PBXGroup;
			children = (
				BFBF0A2C283435250000559E /* AuthorizationRouter.swift */,
				BFBF0A2D283435250000559E /* AuthorizationPresenter.swift */,
				BFBF0A2E283435250000559E /* AuthorizationWorker.swift */,
				BFBF0A2F283435250000559E /* AuthorizationModels.swift */,
				BFBF0A30283435250000559E /* AuthorizationInteractor.swift */,
				BFBF0A31283435250000559E /* AuthorizationViewController.swift */,
			);
			path = AuthorizationScene;
			sourceTree = "<group>";
		};
		BFBF0A32283435260000559E /* RegistrationScene */ = {
			isa = PBXGroup;
			children = (
				BFBF0A33283435260000559E /* RegistrationWorker.swift */,
				BFBF0A34283435260000559E /* RegistrationInteractor.swift */,
				BFBF0A35283435260000559E /* RegistrationRouter.swift */,
				BFBF0A36283435260000559E /* RegistrationModels.swift */,
				BFBF0A37283435260000559E /* RegistrationPresenter.swift */,
				BFBF0A38283435260000559E /* RegistrationViewController.swift */,
			);
			path = RegistrationScene;
			sourceTree = "<group>";
		};
		BFBF0A47283437B20000559E /* Managers */ = {
			isa = PBXGroup;
			children = (
				BFB319042832AFB500E13C65 /* FirebaseManager.swift */,
				BFBF0A27283428840000559E /* AuthManager.swift */,
				BFBF0A48283437B20000559E /* MessangeManager.swift */,
				BFBF0A49283437B20000559E /* FirebaseAuthManager.swift */,
			);
			path = Managers;
			sourceTree = "<group>";
		};
		BFBF0A4E28343CDE0000559E /* SliderScene */ = {
			isa = PBXGroup;
			children = (
				BFBF0A4F28343CDE0000559E /* SliderInteractor.swift */,
				BFBF0A5028343CDE0000559E /* SliderRouter.swift */,
				BFBF0A5128343CDE0000559E /* SliderWorker.swift */,
				BFBF0A5228343CDE0000559E /* SliderPresenter.swift */,
				BFBF0A5328343CDE0000559E /* SliderViewController.swift */,
				BFBF0A5428343CDE0000559E /* SliderModels.swift */,
			);
			path = SliderScene;
			sourceTree = "<group>";
		};
		BFBF0A5F28343D2E0000559E /* SliderCell */ = {
			isa = PBXGroup;
			children = (
				BFBF0A5C28343D270000559E /* SliderCollectionViewCell.swift */,
				BFBF0A5B28343D270000559E /* SliderCollectionViewCell.xib */,
			);
			path = SliderCell;
			sourceTree = "<group>";
		};
		BFCC2991282AB2B2004FE1FE = {
			isa = PBXGroup;
			children = (
				BFCC299C282AB2B3004FE1FE /* BelTravelApp */,
				BFCC299B282AB2B3004FE1FE /* Products */,
				AD51456387D955C8AA146C03 /* Pods */,
				D83654848DCA5C41C1A7D37E /* Frameworks */,
			);
			sourceTree = "<group>";
		};
		BFCC299B282AB2B3004FE1FE /* Products */ = {
			isa = PBXGroup;
			children = (
				BFCC299A282AB2B3004FE1FE /* BelTravelApp.app */,
			);
			name = Products;
			sourceTree = "<group>";
		};
		BFCC299C282AB2B3004FE1FE /* BelTravelApp */ = {
			isa = PBXGroup;
			children = (
				BFCC299D282AB2B3004FE1FE /* AppDelegate.swift */,
				BFCC299F282AB2B3004FE1FE /* SceneDelegate.swift */,
				BFBF0A452834359B0000559E /* CheckField.swift */,
				BFCC29B1282AB7F8004FE1FE /* Scenes */,
				BFD57561282BEDEA007CBBE8 /* Views */,
				BFCC29A6282AB2C6004FE1FE /* Assets.xcassets */,
				BFCC29AB282AB2C6004FE1FE /* Info.plist */,
				BF5B6274282C010300D5844D /* GoogleService-Info.plist */,
				BFBF0A47283437B20000559E /* Managers */,
			);
			path = BelTravelApp;
			sourceTree = "<group>";
		};
		BFCC29B1282AB7F8004FE1FE /* Scenes */ = {
			isa = PBXGroup;
			children = (
				BFBF0A4E28343CDE0000559E /* SliderScene */,
				BFBF0A2B283435250000559E /* AuthorizationScene */,
				BFBF0A32283435260000559E /* RegistrationScene */,
				BFCC29B8282AB889004FE1FE /* UpcomingTripInformationScene */,
				BFCC29B7282AB864004FE1FE /* CreateTripScene */,
				BFCC29B6282AB848004FE1FE /* SelectedPlaceScene */,
				BFCC29B5282AB83E004FE1FE /* SelectedTripScene */,
				BFA60BAF282B1EA2006B3DC4 /* ChatScene */,
				BFCC29B4282AB82C004FE1FE /* ProfileScene */,
				BFBB17352832885C00F6C6A9 /* AllLocationsScene */,
				BFCC29B3282AB817004FE1FE /* FavoriteScene */,
				BFCC29B2282AB802004FE1FE /* MainScene */,
			);
			path = Scenes;
			sourceTree = "<group>";
		};
		BFCC29B2282AB802004FE1FE /* MainScene */ = {
			isa = PBXGroup;
			children = (
				BFCC29B9282AF4EB004FE1FE /* MainPresenter.swift */,
				BFCC29BA282AF4EB004FE1FE /* MainWorker.swift */,
				BFCC29BB282AF4EB004FE1FE /* MainRouter.swift */,
				BFCC29BC282AF4EB004FE1FE /* MainModels.swift */,
				BFCC29BD282AF4EB004FE1FE /* MainViewController.swift */,
				BFCC29BE282AF4EB004FE1FE /* MainInteractor.swift */,
			);
			path = MainScene;
			sourceTree = "<group>";
		};
		BFCC29B3282AB817004FE1FE /* FavoriteScene */ = {
			isa = PBXGroup;
			children = (
				BFA60B97282B1E6C006B3DC4 /* FavoritePresenter.swift */,
				BFA60B98282B1E6C006B3DC4 /* FavoriteWorker.swift */,
				BFA60B99282B1E6C006B3DC4 /* FavoriteRouter.swift */,
				BFA60B9A282B1E6C006B3DC4 /* FavoriteModels.swift */,
				BFA60B9B282B1E6C006B3DC4 /* FavoriteViewController.swift */,
				BFA60B9C282B1E6C006B3DC4 /* FavoriteInteractor.swift */,
			);
			path = FavoriteScene;
			sourceTree = "<group>";
		};
		BFCC29B4282AB82C004FE1FE /* ProfileScene */ = {
			isa = PBXGroup;
			children = (
				BFA60BA3282B1E93006B3DC4 /* ProfilePresenter.swift */,
				BFA60BA4282B1E93006B3DC4 /* ProfileWorker.swift */,
				BFA60BA5282B1E93006B3DC4 /* ProfileRouter.swift */,
				BFA60BA6282B1E93006B3DC4 /* ProfileModels.swift */,
				BFA60BA7282B1E93006B3DC4 /* ProfileViewController.swift */,
				BFA60BA8282B1E93006B3DC4 /* ProfileInteractor.swift */,
			);
			path = ProfileScene;
			sourceTree = "<group>";
		};
		BFCC29B5282AB83E004FE1FE /* SelectedTripScene */ = {
			isa = PBXGroup;
			children = (
				BFA60B7F282B1E07006B3DC4 /* SelectedTripPresenter.swift */,
				BFA60B80282B1E07006B3DC4 /* SelectedTripWorker.swift */,
				BFA60B81282B1E07006B3DC4 /* SelectedTripRouter.swift */,
				BFA60B82282B1E07006B3DC4 /* SelectedTripModels.swift */,
				BFA60B83282B1E07006B3DC4 /* SelectedTripViewController.swift */,
				BFA60B84282B1E07006B3DC4 /* SelectedTripInteractor.swift */,
			);
			path = SelectedTripScene;
			sourceTree = "<group>";
		};
		BFCC29B6282AB848004FE1FE /* SelectedPlaceScene */ = {
			isa = PBXGroup;
			children = (
				BFA60B8B282B1E17006B3DC4 /* SelectedPlacePresenter.swift */,
				BFA60B8C282B1E17006B3DC4 /* SelectedPlaceWorker.swift */,
				BFA60B8D282B1E17006B3DC4 /* SelectedPlaceRouter.swift */,
				BFA60B8E282B1E17006B3DC4 /* SelectedPlaceModels.swift */,
				BFA60B8F282B1E17006B3DC4 /* SelectedPlaceViewController.swift */,
				BFA60B90282B1E17006B3DC4 /* SelectedPlaceInteractor.swift */,
			);
			path = SelectedPlaceScene;
			sourceTree = "<group>";
		};
		BFCC29B7282AB864004FE1FE /* CreateTripScene */ = {
			isa = PBXGroup;
			children = (
				BFA60BBC282B1EF3006B3DC4 /* CreateTripPresenter.swift */,
				BFA60BBD282B1EF3006B3DC4 /* CreateTripWorker.swift */,
				BFA60BBE282B1EF3006B3DC4 /* CreateTripRouter.swift */,
				BFA60BBF282B1EF3006B3DC4 /* CreateTripModels.swift */,
				BFA60BC0282B1EF3006B3DC4 /* CreateTripViewController.swift */,
				BFA60BC1282B1EF3006B3DC4 /* CreateTripInteractor.swift */,
			);
			path = CreateTripScene;
			sourceTree = "<group>";
		};
		BFCC29B8282AB889004FE1FE /* UpcomingTripInformationScene */ = {
			isa = PBXGroup;
			children = (
				BFA60BC8282B1F02006B3DC4 /* UpcomingTripInformationPresenter.swift */,
				BFA60BC9282B1F02006B3DC4 /* UpcomingTripInformationWorker.swift */,
				BFA60BCA282B1F02006B3DC4 /* UpcomingTripInformationRouter.swift */,
				BFA60BCB282B1F02006B3DC4 /* UpcomingTripInformationModels.swift */,
				BFA60BCC282B1F02006B3DC4 /* UpcomingTripInformationViewController.swift */,
				BFA60BCD282B1F02006B3DC4 /* UpcomingTripInformationInteractor.swift */,
			);
			path = UpcomingTripInformationScene;
			sourceTree = "<group>";
		};
		BFD57561282BEDEA007CBBE8 /* Views */ = {
			isa = PBXGroup;
			children = (
				BFBF0A5F28343D2E0000559E /* SliderCell */,
				BF5B626F282BFE0F00D5844D /* ParticipantCell */,
				BF5B626A282BFC5B00D5844D /* UpcomingTripCell */,
				BF5B6263282BFADC00D5844D /* PlaceCell */,
				BF5B6262282BFABF00D5844D /* RegionCell */,
				BFCC29A3282AB2B3004FE1FE /* Main.storyboard */,
				BFBF0A2928342DA40000559E /* TabBarViewController.swift */,
				BFCC29A8282AB2C6004FE1FE /* LaunchScreen.storyboard */,
			);
			path = Views;
			sourceTree = "<group>";
		};
		D83654848DCA5C41C1A7D37E /* Frameworks */ = {
			isa = PBXGroup;
			children = (
				3B45B03D0CA517FD2A262868 /* Pods_BelTravelApp.framework */,
			);
			name = Frameworks;
			sourceTree = "<group>";
		};
/* End PBXGroup section */

/* Begin PBXNativeTarget section */
		BFCC2999282AB2B2004FE1FE /* BelTravelApp */ = {
			isa = PBXNativeTarget;
			buildConfigurationList = BFCC29AE282AB2C6004FE1FE /* Build configuration list for PBXNativeTarget "BelTravelApp" */;
			buildPhases = (
				938A5A52F98CB493049A17EC /* [CP] Check Pods Manifest.lock */,
				BFCC2996282AB2B2004FE1FE /* Sources */,
				BFCC2997282AB2B2004FE1FE /* Frameworks */,
				BFCC2998282AB2B2004FE1FE /* Resources */,
				B4BFABB18E7B4ED72ACF3CB1 /* [CP] Embed Pods Frameworks */,
			);
			buildRules = (
			);
			dependencies = (
			);
			name = BelTravelApp;
			productName = BelTravelApp;
			productReference = BFCC299A282AB2B3004FE1FE /* BelTravelApp.app */;
			productType = "com.apple.product-type.application";
		};
/* End PBXNativeTarget section */

/* Begin PBXProject section */
		BFCC2992282AB2B2004FE1FE /* Project object */ = {
			isa = PBXProject;
			attributes = {
				BuildIndependentTargetsInParallel = 1;
				LastSwiftUpdateCheck = 1330;
				LastUpgradeCheck = 1330;
				TargetAttributes = {
					BFCC2999282AB2B2004FE1FE = {
						CreatedOnToolsVersion = 13.3.1;
					};
				};
			};
			buildConfigurationList = BFCC2995282AB2B2004FE1FE /* Build configuration list for PBXProject "BelTravelApp" */;
			compatibilityVersion = "Xcode 13.0";
			developmentRegion = en;
			hasScannedForEncodings = 0;
			knownRegions = (
				en,
				Base,
			);
			mainGroup = BFCC2991282AB2B2004FE1FE;
			productRefGroup = BFCC299B282AB2B3004FE1FE /* Products */;
			projectDirPath = "";
			projectRoot = "";
			targets = (
				BFCC2999282AB2B2004FE1FE /* BelTravelApp */,
			);
		};
/* End PBXProject section */

/* Begin PBXResourcesBuildPhase section */
		BFCC2998282AB2B2004FE1FE /* Resources */ = {
			isa = PBXResourcesBuildPhase;
			buildActionMask = 2147483647;
			files = (
				BFD57565282BEE28007CBBE8 /* RegionCollectionViewCell.xib in Resources */,
				BF5B6273282BFE2C00D5844D /* ParticipantCollectionViewCell.xib in Resources */,
				BFCC29AA282AB2C6004FE1FE /* LaunchScreen.storyboard in Resources */,
				BF5B6269282BFB7F00D5844D /* PlaceCollectionViewCell.xib in Resources */,
				BF5B626E282BFC7F00D5844D /* UpcomingTripCollectionViewCell.xib in Resources */,
				BFCC29A7282AB2C6004FE1FE /* Assets.xcassets in Resources */,
				BFCC29A5282AB2B3004FE1FE /* Main.storyboard in Resources */,
				BF5B6275282C010300D5844D /* GoogleService-Info.plist in Resources */,
				BFBF0A5D28343D270000559E /* SliderCollectionViewCell.xib in Resources */,
			);
			runOnlyForDeploymentPostprocessing = 0;
		};
/* End PBXResourcesBuildPhase section */

/* Begin PBXShellScriptBuildPhase section */
		938A5A52F98CB493049A17EC /* [CP] Check Pods Manifest.lock */ = {
			isa = PBXShellScriptBuildPhase;
			buildActionMask = 2147483647;
			files = (
			);
			inputFileListPaths = (
			);
			inputPaths = (
				"${PODS_PODFILE_DIR_PATH}/Podfile.lock",
				"${PODS_ROOT}/Manifest.lock",
			);
			name = "[CP] Check Pods Manifest.lock";
			outputFileListPaths = (
			);
			outputPaths = (
				"$(DERIVED_FILE_DIR)/Pods-BelTravelApp-checkManifestLockResult.txt",
			);
			runOnlyForDeploymentPostprocessing = 0;
			shellPath = /bin/sh;
			shellScript = "diff \"${PODS_PODFILE_DIR_PATH}/Podfile.lock\" \"${PODS_ROOT}/Manifest.lock\" > /dev/null\nif [ $? != 0 ] ; then\n    # print error to STDERR\n    echo \"error: The sandbox is not in sync with the Podfile.lock. Run 'pod install' or update your CocoaPods installation.\" >&2\n    exit 1\nfi\n# This output is used by Xcode 'outputs' to avoid re-running this script phase.\necho \"SUCCESS\" > \"${SCRIPT_OUTPUT_FILE_0}\"\n";
			showEnvVarsInLog = 0;
		};
		B4BFABB18E7B4ED72ACF3CB1 /* [CP] Embed Pods Frameworks */ = {
			isa = PBXShellScriptBuildPhase;
			buildActionMask = 2147483647;
			files = (
			);
			inputFileListPaths = (
				"${PODS_ROOT}/Target Support Files/Pods-BelTravelApp/Pods-BelTravelApp-frameworks-${CONFIGURATION}-input-files.xcfilelist",
			);
			name = "[CP] Embed Pods Frameworks";
			outputFileListPaths = (
				"${PODS_ROOT}/Target Support Files/Pods-BelTravelApp/Pods-BelTravelApp-frameworks-${CONFIGURATION}-output-files.xcfilelist",
			);
			runOnlyForDeploymentPostprocessing = 0;
			shellPath = /bin/sh;
			shellScript = "\"${PODS_ROOT}/Target Support Files/Pods-BelTravelApp/Pods-BelTravelApp-frameworks.sh\"\n";
			showEnvVarsInLog = 0;
		};
/* End PBXShellScriptBuildPhase section */

/* Begin PBXSourcesBuildPhase section */
		BFCC2996282AB2B2004FE1FE /* Sources */ = {
			isa = PBXSourcesBuildPhase;
			buildActionMask = 2147483647;
			files = (
				BFA60BB8282B1EC3006B3DC4 /* ChatRouter.swift in Sources */,
				BFBF0A5828343CDE0000559E /* SliderPresenter.swift in Sources */,
				BFA60BB6282B1EC3006B3DC4 /* ChatPresenter.swift in Sources */,
				BFA60BCE282B1F02006B3DC4 /* UpcomingTripInformationPresenter.swift in Sources */,
				BFA60BB9282B1EC3006B3DC4 /* ChatModels.swift in Sources */,
				BFBF0A2A28342DA40000559E /* TabBarViewController.swift in Sources */,
				BFA60B94282B1E17006B3DC4 /* SelectedPlaceModels.swift in Sources */,
				BFA60BAC282B1E93006B3DC4 /* ProfileModels.swift in Sources */,
				BFCC299E282AB2B3004FE1FE /* AppDelegate.swift in Sources */,
				BFBB17412832887D00F6C6A9 /* AllLocationsInteractor.swift in Sources */,
				BFD57564282BEE28007CBBE8 /* RegionCollectionViewCell.swift in Sources */,
				BFA60B88282B1E07006B3DC4 /* SelectedTripModels.swift in Sources */,
				BFA60B85282B1E07006B3DC4 /* SelectedTripPresenter.swift in Sources */,
				BFBF0A28283428840000559E /* AuthManager.swift in Sources */,
				BFBF0A3B283435260000559E /* AuthorizationWorker.swift in Sources */,
				BFA60BD1282B1F02006B3DC4 /* UpcomingTripInformationModels.swift in Sources */,
				BFA60BAD282B1E93006B3DC4 /* ProfileViewController.swift in Sources */,
				BFA60BA2282B1E6C006B3DC4 /* FavoriteInteractor.swift in Sources */,
				BFA60BAA282B1E93006B3DC4 /* ProfileWorker.swift in Sources */,
				BF5B626D282BFC7F00D5844D /* UpcomingTripCollectionViewCell.swift in Sources */,
				BFCC29A0282AB2B3004FE1FE /* SceneDelegate.swift in Sources */,
				BFA60BAE282B1E93006B3DC4 /* ProfileInteractor.swift in Sources */,
				BFA60B8A282B1E07006B3DC4 /* SelectedTripInteractor.swift in Sources */,
				BFA60B95282B1E17006B3DC4 /* SelectedPlaceViewController.swift in Sources */,
				BFBF0A5A28343CDE0000559E /* SliderModels.swift in Sources */,
				BFBF0A41283435260000559E /* RegistrationRouter.swift in Sources */,
				BFA60B9F282B1E6C006B3DC4 /* FavoriteRouter.swift in Sources */,
				BFBB17402832887D00F6C6A9 /* AllLocationsViewController.swift in Sources */,
				BFB319052832AFB500E13C65 /* FirebaseManager.swift in Sources */,
				BFA60BC5282B1EF3006B3DC4 /* CreateTripModels.swift in Sources */,
				BFA60BA9282B1E93006B3DC4 /* ProfilePresenter.swift in Sources */,
				BFA60B87282B1E07006B3DC4 /* SelectedTripRouter.swift in Sources */,
				BFBF0A5528343CDE0000559E /* SliderInteractor.swift in Sources */,
				BFCC29C0282AF4EB004FE1FE /* MainWorker.swift in Sources */,
				BFBF0A40283435260000559E /* RegistrationInteractor.swift in Sources */,
				BFBF0A5628343CDE0000559E /* SliderRouter.swift in Sources */,
				BFCC29BF282AF4EB004FE1FE /* MainPresenter.swift in Sources */,
				BFA60BBB282B1EC3006B3DC4 /* ChatInteractor.swift in Sources */,
				BFBB173D2832887D00F6C6A9 /* AllLocationsWorker.swift in Sources */,
				BFBB173C2832887D00F6C6A9 /* AllLocationsPresenter.swift in Sources */,
				BFBF0A5E28343D270000559E /* SliderCollectionViewCell.swift in Sources */,
				BFBF0A4C283437B20000559E /* FirebaseAuthManager.swift in Sources */,
				BFA60B86282B1E07006B3DC4 /* SelectedTripWorker.swift in Sources */,
				BFBF0A3C283435260000559E /* AuthorizationModels.swift in Sources */,
				BFA60B9E282B1E6C006B3DC4 /* FavoriteWorker.swift in Sources */,
				BFBF0A5728343CDE0000559E /* SliderWorker.swift in Sources */,
				BFBF0A44283435260000559E /* RegistrationViewController.swift in Sources */,
				BFCC29C4282AF4EB004FE1FE /* MainInteractor.swift in Sources */,
				BFA60B93282B1E17006B3DC4 /* SelectedPlaceRouter.swift in Sources */,
				BFA60BD3282B1F02006B3DC4 /* UpcomingTripInformationInteractor.swift in Sources */,
				BFBF0A39283435260000559E /* AuthorizationRouter.swift in Sources */,
				BFA60BC6282B1EF3006B3DC4 /* CreateTripViewController.swift in Sources */,
				BFA60B89282B1E07006B3DC4 /* SelectedTripViewController.swift in Sources */,
				BFCC29C2282AF4EB004FE1FE /* MainModels.swift in Sources */,
				BFA60B96282B1E17006B3DC4 /* SelectedPlaceInteractor.swift in Sources */,
				BFA60BC3282B1EF3006B3DC4 /* CreateTripWorker.swift in Sources */,
				BFA60BCF282B1F02006B3DC4 /* UpcomingTripInformationWorker.swift in Sources */,
				BFA60BA0282B1E6C006B3DC4 /* FavoriteModels.swift in Sources */,
				BFBF0A3E283435260000559E /* AuthorizationViewController.swift in Sources */,
				BFA60BD2282B1F02006B3DC4 /* UpcomingTripInformationViewController.swift in Sources */,
				BFBF0A3A283435260000559E /* AuthorizationPresenter.swift in Sources */,
				BFBF0A5928343CDE0000559E /* SliderViewController.swift in Sources */,
				BFA60B91282B1E17006B3DC4 /* SelectedPlacePresenter.swift in Sources */,
				BFA60BC2282B1EF3006B3DC4 /* CreateTripPresenter.swift in Sources */,
				BF5B6268282BFB7F00D5844D /* PlaceCollectionViewCell.swift in Sources */,
				BFA60BC4282B1EF3006B3DC4 /* CreateTripRouter.swift in Sources */,
				BFBF0A4B283437B20000559E /* MessangeManager.swift in Sources */,
				BFA60BD0282B1F02006B3DC4 /* UpcomingTripInformationRouter.swift in Sources */,
				BFA60BBA282B1EC3006B3DC4 /* ChatViewController.swift in Sources */,
				BFA60BAB282B1E93006B3DC4 /* ProfileRouter.swift in Sources */,
				BFCC29C1282AF4EB004FE1FE /* MainRouter.swift in Sources */,
				BFA60BA1282B1E6C006B3DC4 /* FavoriteViewController.swift in Sources */,
				BFBF0A3F283435260000559E /* RegistrationWorker.swift in Sources */,
				BFCC29C3282AF4EB004FE1FE /* MainViewController.swift in Sources */,
				BFBF0A3D283435260000559E /* AuthorizationInteractor.swift in Sources */,
				BFBF0A43283435260000559E /* RegistrationPresenter.swift in Sources */,
				BF5B6272282BFE2C00D5844D /* ParticipantCollectionViewCell.swift in Sources */,
				BFBF0A42283435260000559E /* RegistrationModels.swift in Sources */,
				BFBF0A462834359B0000559E /* CheckField.swift in Sources */,
				BFBB173E2832887D00F6C6A9 /* AllLocationsRouter.swift in Sources */,
				BFA60BC7282B1EF3006B3DC4 /* CreateTripInteractor.swift in Sources */,
				BFA60B9D282B1E6C006B3DC4 /* FavoritePresenter.swift in Sources */,
				BFA60BB7282B1EC3006B3DC4 /* ChatWorker.swift in Sources */,
				BFBB173F2832887D00F6C6A9 /* AllLocationsModels.swift in Sources */,
				BFA60B92282B1E17006B3DC4 /* SelectedPlaceWorker.swift in Sources */,
			);
			runOnlyForDeploymentPostprocessing = 0;
		};
/* End PBXSourcesBuildPhase section */

/* Begin PBXVariantGroup section */
		BFCC29A3282AB2B3004FE1FE /* Main.storyboard */ = {
			isa = PBXVariantGroup;
			children = (
				BFCC29A4282AB2B3004FE1FE /* Base */,
			);
			name = Main.storyboard;
			sourceTree = "<group>";
		};
		BFCC29A8282AB2C6004FE1FE /* LaunchScreen.storyboard */ = {
			isa = PBXVariantGroup;
			children = (
				BFCC29A9282AB2C6004FE1FE /* Base */,
			);
			name = LaunchScreen.storyboard;
			sourceTree = "<group>";
		};
/* End PBXVariantGroup section */

/* Begin XCBuildConfiguration section */
		BFCC29AC282AB2C6004FE1FE /* Debug */ = {
			isa = XCBuildConfiguration;
			buildSettings = {
				ALWAYS_SEARCH_USER_PATHS = NO;
				CLANG_ANALYZER_NONNULL = YES;
				CLANG_ANALYZER_NUMBER_OBJECT_CONVERSION = YES_AGGRESSIVE;
				CLANG_CXX_LANGUAGE_STANDARD = "gnu++17";
				CLANG_ENABLE_MODULES = YES;
				CLANG_ENABLE_OBJC_ARC = YES;
				CLANG_ENABLE_OBJC_WEAK = YES;
				CLANG_WARN_BLOCK_CAPTURE_AUTORELEASING = YES;
				CLANG_WARN_BOOL_CONVERSION = YES;
				CLANG_WARN_COMMA = YES;
				CLANG_WARN_CONSTANT_CONVERSION = YES;
				CLANG_WARN_DEPRECATED_OBJC_IMPLEMENTATIONS = YES;
				CLANG_WARN_DIRECT_OBJC_ISA_USAGE = YES_ERROR;
				CLANG_WARN_DOCUMENTATION_COMMENTS = YES;
				CLANG_WARN_EMPTY_BODY = YES;
				CLANG_WARN_ENUM_CONVERSION = YES;
				CLANG_WARN_INFINITE_RECURSION = YES;
				CLANG_WARN_INT_CONVERSION = YES;
				CLANG_WARN_NON_LITERAL_NULL_CONVERSION = YES;
				CLANG_WARN_OBJC_IMPLICIT_RETAIN_SELF = YES;
				CLANG_WARN_OBJC_LITERAL_CONVERSION = YES;
				CLANG_WARN_OBJC_ROOT_CLASS = YES_ERROR;
				CLANG_WARN_QUOTED_INCLUDE_IN_FRAMEWORK_HEADER = YES;
				CLANG_WARN_RANGE_LOOP_ANALYSIS = YES;
				CLANG_WARN_STRICT_PROTOTYPES = YES;
				CLANG_WARN_SUSPICIOUS_MOVE = YES;
				CLANG_WARN_UNGUARDED_AVAILABILITY = YES_AGGRESSIVE;
				CLANG_WARN_UNREACHABLE_CODE = YES;
				CLANG_WARN__DUPLICATE_METHOD_MATCH = YES;
				COPY_PHASE_STRIP = NO;
				DEBUG_INFORMATION_FORMAT = dwarf;
				ENABLE_STRICT_OBJC_MSGSEND = YES;
				ENABLE_TESTABILITY = YES;
				GCC_C_LANGUAGE_STANDARD = gnu11;
				GCC_DYNAMIC_NO_PIC = NO;
				GCC_NO_COMMON_BLOCKS = YES;
				GCC_OPTIMIZATION_LEVEL = 0;
				GCC_PREPROCESSOR_DEFINITIONS = (
					"DEBUG=1",
					"$(inherited)",
				);
				GCC_WARN_64_TO_32_BIT_CONVERSION = YES;
				GCC_WARN_ABOUT_RETURN_TYPE = YES_ERROR;
				GCC_WARN_UNDECLARED_SELECTOR = YES;
				GCC_WARN_UNINITIALIZED_AUTOS = YES_AGGRESSIVE;
				GCC_WARN_UNUSED_FUNCTION = YES;
				GCC_WARN_UNUSED_VARIABLE = YES;
				IPHONEOS_DEPLOYMENT_TARGET = 15.4;
				MTL_ENABLE_DEBUG_INFO = INCLUDE_SOURCE;
				MTL_FAST_MATH = YES;
				ONLY_ACTIVE_ARCH = YES;
				SDKROOT = iphoneos;
				SWIFT_ACTIVE_COMPILATION_CONDITIONS = DEBUG;
				SWIFT_OPTIMIZATION_LEVEL = "-Onone";
			};
			name = Debug;
		};
		BFCC29AD282AB2C6004FE1FE /* Release */ = {
			isa = XCBuildConfiguration;
			buildSettings = {
				ALWAYS_SEARCH_USER_PATHS = NO;
				CLANG_ANALYZER_NONNULL = YES;
				CLANG_ANALYZER_NUMBER_OBJECT_CONVERSION = YES_AGGRESSIVE;
				CLANG_CXX_LANGUAGE_STANDARD = "gnu++17";
				CLANG_ENABLE_MODULES = YES;
				CLANG_ENABLE_OBJC_ARC = YES;
				CLANG_ENABLE_OBJC_WEAK = YES;
				CLANG_WARN_BLOCK_CAPTURE_AUTORELEASING = YES;
				CLANG_WARN_BOOL_CONVERSION = YES;
				CLANG_WARN_COMMA = YES;
				CLANG_WARN_CONSTANT_CONVERSION = YES;
				CLANG_WARN_DEPRECATED_OBJC_IMPLEMENTATIONS = YES;
				CLANG_WARN_DIRECT_OBJC_ISA_USAGE = YES_ERROR;
				CLANG_WARN_DOCUMENTATION_COMMENTS = YES;
				CLANG_WARN_EMPTY_BODY = YES;
				CLANG_WARN_ENUM_CONVERSION = YES;
				CLANG_WARN_INFINITE_RECURSION = YES;
				CLANG_WARN_INT_CONVERSION = YES;
				CLANG_WARN_NON_LITERAL_NULL_CONVERSION = YES;
				CLANG_WARN_OBJC_IMPLICIT_RETAIN_SELF = YES;
				CLANG_WARN_OBJC_LITERAL_CONVERSION = YES;
				CLANG_WARN_OBJC_ROOT_CLASS = YES_ERROR;
				CLANG_WARN_QUOTED_INCLUDE_IN_FRAMEWORK_HEADER = YES;
				CLANG_WARN_RANGE_LOOP_ANALYSIS = YES;
				CLANG_WARN_STRICT_PROTOTYPES = YES;
				CLANG_WARN_SUSPICIOUS_MOVE = YES;
				CLANG_WARN_UNGUARDED_AVAILABILITY = YES_AGGRESSIVE;
				CLANG_WARN_UNREACHABLE_CODE = YES;
				CLANG_WARN__DUPLICATE_METHOD_MATCH = YES;
				COPY_PHASE_STRIP = NO;
				DEBUG_INFORMATION_FORMAT = "dwarf-with-dsym";
				ENABLE_NS_ASSERTIONS = NO;
				ENABLE_STRICT_OBJC_MSGSEND = YES;
				GCC_C_LANGUAGE_STANDARD = gnu11;
				GCC_NO_COMMON_BLOCKS = YES;
				GCC_WARN_64_TO_32_BIT_CONVERSION = YES;
				GCC_WARN_ABOUT_RETURN_TYPE = YES_ERROR;
				GCC_WARN_UNDECLARED_SELECTOR = YES;
				GCC_WARN_UNINITIALIZED_AUTOS = YES_AGGRESSIVE;
				GCC_WARN_UNUSED_FUNCTION = YES;
				GCC_WARN_UNUSED_VARIABLE = YES;
				IPHONEOS_DEPLOYMENT_TARGET = 15.4;
				MTL_ENABLE_DEBUG_INFO = NO;
				MTL_FAST_MATH = YES;
				SDKROOT = iphoneos;
				SWIFT_COMPILATION_MODE = wholemodule;
				SWIFT_OPTIMIZATION_LEVEL = "-O";
				VALIDATE_PRODUCT = YES;
			};
			name = Release;
		};
		BFCC29AF282AB2C6004FE1FE /* Debug */ = {
			isa = XCBuildConfiguration;
			baseConfigurationReference = CC5FB13307FD300722427CE1 /* Pods-BelTravelApp.debug.xcconfig */;
			buildSettings = {
				ASSETCATALOG_COMPILER_APPICON_NAME = AppIcon;
				ASSETCATALOG_COMPILER_GLOBAL_ACCENT_COLOR_NAME = AccentColor;
				CODE_SIGN_STYLE = Automatic;
				CURRENT_PROJECT_VERSION = 1;
				DEVELOPMENT_TEAM = WN5VMWRJC6;
				GENERATE_INFOPLIST_FILE = YES;
				INFOPLIST_FILE = BelTravelApp/Info.plist;
				INFOPLIST_KEY_UIApplicationSupportsIndirectInputEvents = YES;
				INFOPLIST_KEY_UILaunchStoryboardName = LaunchScreen;
				INFOPLIST_KEY_UIMainStoryboardFile = Main;
				INFOPLIST_KEY_UISupportedInterfaceOrientations_iPad = "UIInterfaceOrientationPortrait UIInterfaceOrientationPortraitUpsideDown UIInterfaceOrientationLandscapeLeft UIInterfaceOrientationLandscapeRight";
				INFOPLIST_KEY_UISupportedInterfaceOrientations_iPhone = "UIInterfaceOrientationPortrait UIInterfaceOrientationLandscapeLeft UIInterfaceOrientationLandscapeRight";
				LD_RUNPATH_SEARCH_PATHS = (
					"$(inherited)",
					"@executable_path/Frameworks",
				);
				MARKETING_VERSION = 1.0;
				PRODUCT_BUNDLE_IDENTIFIER = Marchanka.BelTravelApp;
				PRODUCT_NAME = "$(TARGET_NAME)";
				SWIFT_EMIT_LOC_STRINGS = YES;
				SWIFT_VERSION = 5.0;
				TARGETED_DEVICE_FAMILY = "1,2";
			};
			name = Debug;
		};
		BFCC29B0282AB2C6004FE1FE /* Release */ = {
			isa = XCBuildConfiguration;
			baseConfigurationReference = 59373C6AE4C8BF75A921E1C1 /* Pods-BelTravelApp.release.xcconfig */;
			buildSettings = {
				ASSETCATALOG_COMPILER_APPICON_NAME = AppIcon;
				ASSETCATALOG_COMPILER_GLOBAL_ACCENT_COLOR_NAME = AccentColor;
				CODE_SIGN_STYLE = Automatic;
				CURRENT_PROJECT_VERSION = 1;
				DEVELOPMENT_TEAM = WN5VMWRJC6;
				GENERATE_INFOPLIST_FILE = YES;
				INFOPLIST_FILE = BelTravelApp/Info.plist;
				INFOPLIST_KEY_UIApplicationSupportsIndirectInputEvents = YES;
				INFOPLIST_KEY_UILaunchStoryboardName = LaunchScreen;
				INFOPLIST_KEY_UIMainStoryboardFile = Main;
				INFOPLIST_KEY_UISupportedInterfaceOrientations_iPad = "UIInterfaceOrientationPortrait UIInterfaceOrientationPortraitUpsideDown UIInterfaceOrientationLandscapeLeft UIInterfaceOrientationLandscapeRight";
				INFOPLIST_KEY_UISupportedInterfaceOrientations_iPhone = "UIInterfaceOrientationPortrait UIInterfaceOrientationLandscapeLeft UIInterfaceOrientationLandscapeRight";
				LD_RUNPATH_SEARCH_PATHS = (
					"$(inherited)",
					"@executable_path/Frameworks",
				);
				MARKETING_VERSION = 1.0;
				PRODUCT_BUNDLE_IDENTIFIER = Marchanka.BelTravelApp;
				PRODUCT_NAME = "$(TARGET_NAME)";
				SWIFT_EMIT_LOC_STRINGS = YES;
				SWIFT_VERSION = 5.0;
				TARGETED_DEVICE_FAMILY = "1,2";
			};
			name = Release;
		};
/* End XCBuildConfiguration section */

/* Begin XCConfigurationList section */
		BFCC2995282AB2B2004FE1FE /* Build configuration list for PBXProject "BelTravelApp" */ = {
			isa = XCConfigurationList;
			buildConfigurations = (
				BFCC29AC282AB2C6004FE1FE /* Debug */,
				BFCC29AD282AB2C6004FE1FE /* Release */,
			);
			defaultConfigurationIsVisible = 0;
			defaultConfigurationName = Release;
		};
		BFCC29AE282AB2C6004FE1FE /* Build configuration list for PBXNativeTarget "BelTravelApp" */ = {
			isa = XCConfigurationList;
			buildConfigurations = (
				BFCC29AF282AB2C6004FE1FE /* Debug */,
				BFCC29B0282AB2C6004FE1FE /* Release */,
			);
			defaultConfigurationIsVisible = 0;
			defaultConfigurationName = Release;
		};
/* End XCConfigurationList section */
	};
	rootObject = BFCC2992282AB2B2004FE1FE /* Project object */;
}
